
Microsoft Visual Studio Solution File, Format Version 12.00
# Visual Studio Version 16
VisualStudioVersion = 16.0.30611.23
MinimumVisualStudioVersion = 10.0.40219.1
Project("{FAE04EC0-301F-11D3-BF4B-00C04F79EFBC}") = "CryptoDen", "CryptoDen.csproj", "{53056980-DFCF-4C68-B8F2-6B63464D8312}"
EndProject
Global
	GlobalSection(SolutionConfigurationPlatforms) = preSolution
		Debug|Any CPU = Debug|Any CPU
		Release|Any CPU = Release|Any CPU
	EndGlobalSection
	GlobalSection(ProjectConfigurationPlatforms) = postSolution
		{53056980-DFCF-4C68-B8F2-6B63464D8312}.Debug|Any CPU.ActiveCfg = Debug|Any CPU
		{53056980-DFCF-4C68-B8F2-6B63464D8312}.Debug|Any CPU.Build.0 = Debug|Any CPU
		{53056980-DFCF-4C68-B8F2-6B63464D8312}.Release|Any CPU.ActiveCfg = Release|Any CPU
		{53056980-DFCF-4C68-B8F2-6B63464D8312}.Release|Any CPU.Build.0 = Release|Any CPU
	EndGlobalSection
	GlobalSection(SolutionProperties) = preSolution
		HideSolutionNode = FALSE
	EndGlobalSection
	GlobalSection(ExtensibilityGlobals) = postSolution
		SolutionGuid = {63044CE0-1C8E-4730-96AA-7F5A5E7B96AB}
	EndGlobalSection
EndGlobal
