
Microsoft Visual Studio Solution File, Format Version 12.00
# Visual Studio Version 16
VisualStudioVersion = 16.0.30804.86
MinimumVisualStudioVersion = 10.0.40219.1
Project("{9A19103F-16F7-4668-BE54-9A1E7A4F7556}") = "CryptoDen", "CryptoDen.csproj", "{7735F8BC-2FD2-4756-8FC5-FCE5DCD7DE6A}"
EndProject
Global
	GlobalSection(SolutionConfigurationPlatforms) = preSolution
		Debug|Any CPU = Debug|Any CPU
		Release|Any CPU = Release|Any CPU
	EndGlobalSection
	GlobalSection(ProjectConfigurationPlatforms) = postSolution
		{7735F8BC-2FD2-4756-8FC5-FCE5DCD7DE6A}.Debug|Any CPU.ActiveCfg = Debug|Any CPU
		{7735F8BC-2FD2-4756-8FC5-FCE5DCD7DE6A}.Debug|Any CPU.Build.0 = Debug|Any CPU
		{7735F8BC-2FD2-4756-8FC5-FCE5DCD7DE6A}.Release|Any CPU.ActiveCfg = Release|Any CPU
		{7735F8BC-2FD2-4756-8FC5-FCE5DCD7DE6A}.Release|Any CPU.Build.0 = Release|Any CPU
	EndGlobalSection
	GlobalSection(SolutionProperties) = preSolution
		HideSolutionNode = FALSE
	EndGlobalSection
	GlobalSection(ExtensibilityGlobals) = postSolution
		SolutionGuid = {02AACC73-6A4F-4644-87A6-E25AC4EBD11C}
	EndGlobalSection
EndGlobal
